
Microsoft Visual Studio Solution File, Format Version 12.00
# Visual Studio 14
VisualStudioVersion = 14.0.25420.1
MinimumVisualStudioVersion = 10.0.40219.1
Project("{FAE04EC0-301F-11D3-BF4B-00C04F79EFBC}") = "Imposto.Core", "src\Imposto.Core\Imposto.Core.csproj", "{A9EF0387-4334-4474-B4E3-9C08CD86C1B9}"
EndProject
Project("{FAE04EC0-301F-11D3-BF4B-00C04F79EFBC}") = "Imposto.Data", "src\Imposto.Data\Imposto.Data.csproj", "{C6A34D79-00E2-4B66-B8CC-17FF4EB6D2C2}"
EndProject
Project("{FAE04EC0-301F-11D3-BF4B-00C04F79EFBC}") = "Imposto.Application", "src\Imposto.Application\Imposto.Application.csproj", "{8B833D6A-764D-497C-BA2A-173258058740}"
EndProject
Project("{FAE04EC0-301F-11D3-BF4B-00C04F79EFBC}") = "Imposto.Infra.IoC", "src\Imposto.Infra.IoC\Imposto.Infra.IoC.csproj", "{B94A5BC8-008D-4AC1-B621-813DF494EA8C}"
EndProject
Project("{FAE04EC0-301F-11D3-BF4B-00C04F79EFBC}") = "Imposto.Test", "test\Imposto.Test\Imposto.Test.csproj", "{938C2B65-1AE2-495A-9801-D2F0737EB493}"
EndProject
Project("{2150E333-8FDC-42A3-9474-1A3956D46DE8}") = "1 - Presentation", "1 - Presentation", "{AC11601E-0436-4832-9EBB-3988848C333A}"
EndProject
Project("{2150E333-8FDC-42A3-9474-1A3956D46DE8}") = "2 - Bounded Context", "2 - Bounded Context", "{BF8EBBD3-595C-4DFC-B2B2-208B4B29E527}"
EndProject
Project("{FAE04EC0-301F-11D3-BF4B-00C04F79EFBC}") = "TesteImposto.UI", "src\TesteImposto.UI\TesteImposto.UI.csproj", "{8B251999-F2C3-435E-BBED-517C530660A1}"
EndProject
Project("{2150E333-8FDC-42A3-9474-1A3956D46DE8}") = "3 - Recursos", "3 - Recursos", "{830F4037-51C3-42C4-8FDB-5E1C714D3D96}"
EndProject
Project("{FAE04EC0-301F-11D3-BF4B-00C04F79EFBC}") = "GeradorXML", "src\GeradorXML\GeradorXML.csproj", "{C6C60546-E22B-4FED-AD3D-20DBECFD5BA3}"
EndProject
Global
	GlobalSection(SolutionConfigurationPlatforms) = preSolution
		Debug|Any CPU = Debug|Any CPU
		Release|Any CPU = Release|Any CPU
	EndGlobalSection
	GlobalSection(ProjectConfigurationPlatforms) = postSolution
		{A9EF0387-4334-4474-B4E3-9C08CD86C1B9}.Debug|Any CPU.ActiveCfg = Debug|Any CPU
		{A9EF0387-4334-4474-B4E3-9C08CD86C1B9}.Debug|Any CPU.Build.0 = Debug|Any CPU
		{A9EF0387-4334-4474-B4E3-9C08CD86C1B9}.Release|Any CPU.ActiveCfg = Release|Any CPU
		{A9EF0387-4334-4474-B4E3-9C08CD86C1B9}.Release|Any CPU.Build.0 = Release|Any CPU
		{C6A34D79-00E2-4B66-B8CC-17FF4EB6D2C2}.Debug|Any CPU.ActiveCfg = Debug|Any CPU
		{C6A34D79-00E2-4B66-B8CC-17FF4EB6D2C2}.Debug|Any CPU.Build.0 = Debug|Any CPU
		{C6A34D79-00E2-4B66-B8CC-17FF4EB6D2C2}.Release|Any CPU.ActiveCfg = Release|Any CPU
		{C6A34D79-00E2-4B66-B8CC-17FF4EB6D2C2}.Release|Any CPU.Build.0 = Release|Any CPU
		{8B833D6A-764D-497C-BA2A-173258058740}.Debug|Any CPU.ActiveCfg = Debug|Any CPU
		{8B833D6A-764D-497C-BA2A-173258058740}.Debug|Any CPU.Build.0 = Debug|Any CPU
		{8B833D6A-764D-497C-BA2A-173258058740}.Release|Any CPU.ActiveCfg = Release|Any CPU
		{8B833D6A-764D-497C-BA2A-173258058740}.Release|Any CPU.Build.0 = Release|Any CPU
		{B94A5BC8-008D-4AC1-B621-813DF494EA8C}.Debug|Any CPU.ActiveCfg = Debug|Any CPU
		{B94A5BC8-008D-4AC1-B621-813DF494EA8C}.Debug|Any CPU.Build.0 = Debug|Any CPU
		{B94A5BC8-008D-4AC1-B621-813DF494EA8C}.Release|Any CPU.ActiveCfg = Release|Any CPU
		{B94A5BC8-008D-4AC1-B621-813DF494EA8C}.Release|Any CPU.Build.0 = Release|Any CPU
		{938C2B65-1AE2-495A-9801-D2F0737EB493}.Debug|Any CPU.ActiveCfg = Debug|Any CPU
		{938C2B65-1AE2-495A-9801-D2F0737EB493}.Debug|Any CPU.Build.0 = Debug|Any CPU
		{938C2B65-1AE2-495A-9801-D2F0737EB493}.Release|Any CPU.ActiveCfg = Release|Any CPU
		{938C2B65-1AE2-495A-9801-D2F0737EB493}.Release|Any CPU.Build.0 = Release|Any CPU
		{8B251999-F2C3-435E-BBED-517C530660A1}.Debug|Any CPU.ActiveCfg = Debug|Any CPU
		{8B251999-F2C3-435E-BBED-517C530660A1}.Debug|Any CPU.Build.0 = Debug|Any CPU
		{8B251999-F2C3-435E-BBED-517C530660A1}.Release|Any CPU.ActiveCfg = Release|Any CPU
		{8B251999-F2C3-435E-BBED-517C530660A1}.Release|Any CPU.Build.0 = Release|Any CPU
		{C6C60546-E22B-4FED-AD3D-20DBECFD5BA3}.Debug|Any CPU.ActiveCfg = Debug|Any CPU
		{C6C60546-E22B-4FED-AD3D-20DBECFD5BA3}.Debug|Any CPU.Build.0 = Debug|Any CPU
		{C6C60546-E22B-4FED-AD3D-20DBECFD5BA3}.Release|Any CPU.ActiveCfg = Release|Any CPU
		{C6C60546-E22B-4FED-AD3D-20DBECFD5BA3}.Release|Any CPU.Build.0 = Release|Any CPU
	EndGlobalSection
	GlobalSection(SolutionProperties) = preSolution
		HideSolutionNode = FALSE
	EndGlobalSection
	GlobalSection(NestedProjects) = preSolution
		{A9EF0387-4334-4474-B4E3-9C08CD86C1B9} = {BF8EBBD3-595C-4DFC-B2B2-208B4B29E527}
		{C6A34D79-00E2-4B66-B8CC-17FF4EB6D2C2} = {BF8EBBD3-595C-4DFC-B2B2-208B4B29E527}
		{8B833D6A-764D-497C-BA2A-173258058740} = {BF8EBBD3-595C-4DFC-B2B2-208B4B29E527}
		{B94A5BC8-008D-4AC1-B621-813DF494EA8C} = {BF8EBBD3-595C-4DFC-B2B2-208B4B29E527}
		{938C2B65-1AE2-495A-9801-D2F0737EB493} = {BF8EBBD3-595C-4DFC-B2B2-208B4B29E527}
		{8B251999-F2C3-435E-BBED-517C530660A1} = {AC11601E-0436-4832-9EBB-3988848C333A}
		{C6C60546-E22B-4FED-AD3D-20DBECFD5BA3} = {830F4037-51C3-42C4-8FDB-5E1C714D3D96}
	EndGlobalSection
EndGlobal
